// !$*UTF8*$!
{
	archiveVersion = 1;
	classes = {
	};
	objectVersion = 46;
	objects = {

/* Begin PBXBuildFile section */
		902EA0221A0143E8008067B3 /* AppDelegate.swift in Sources */ = {isa = PBXBuildFile; fileRef = 902EA0211A0143E8008067B3 /* AppDelegate.swift */; };
		902EA0251A0143E8008067B3 /* Background_Fetch.xcdatamodeld in Sources */ = {isa = PBXBuildFile; fileRef = 902EA0231A0143E8008067B3 /* Background_Fetch.xcdatamodeld */; };
		902EA0271A0143E8008067B3 /* ViewController.swift in Sources */ = {isa = PBXBuildFile; fileRef = 902EA0261A0143E8008067B3 /* ViewController.swift */; };
		902EA02A1A0143E8008067B3 /* Main.storyboard in Resources */ = {isa = PBXBuildFile; fileRef = 902EA0281A0143E8008067B3 /* Main.storyboard */; };
		902EA02C1A0143E8008067B3 /* Images.xcassets in Resources */ = {isa = PBXBuildFile; fileRef = 902EA02B1A0143E8008067B3 /* Images.xcassets */; };
		902EA02F1A0143E8008067B3 /* LaunchScreen.xib in Resources */ = {isa = PBXBuildFile; fileRef = 902EA02D1A0143E8008067B3 /* LaunchScreen.xib */; };
		902EA03B1A0143E8008067B3 /* Background_FetchTests.swift in Sources */ = {isa = PBXBuildFile; fileRef = 902EA03A1A0143E8008067B3 /* Background_FetchTests.swift */; };
/* End PBXBuildFile section */

/* Begin PBXContainerItemProxy section */
		902EA0351A0143E8008067B3 /* PBXContainerItemProxy */ = {
			isa = PBXContainerItemProxy;
			containerPortal = 902EA0141A0143E8008067B3 /* Project object */;
			proxyType = 1;
			remoteGlobalIDString = 902EA01B1A0143E8008067B3;
			remoteInfo = "Background-Fetch";
		};
/* End PBXContainerItemProxy section */

/* Begin PBXFileReference section */
		902EA01C1A0143E8008067B3 /* Background-Fetch.app */ = {isa = PBXFileReference; explicitFileType = wrapper.application; includeInIndex = 0; path = "Background-Fetch.app"; sourceTree = BUILT_PRODUCTS_DIR; };
		902EA0201A0143E8008067B3 /* Info.plist */ = {isa = PBXFileReference; lastKnownFileType = text.plist.xml; path = Info.plist; sourceTree = "<group>"; };
		902EA0211A0143E8008067B3 /* AppDelegate.swift */ = {isa = PBXFileReference; lastKnownFileType = sourcecode.swift; path = AppDelegate.swift; sourceTree = "<group>"; };
		902EA0241A0143E8008067B3 /* Background_Fetch.xcdatamodel */ = {isa = PBXFileReference; lastKnownFileType = wrapper.xcdatamodel; path = Background_Fetch.xcdatamodel; sourceTree = "<group>"; };
		902EA0261A0143E8008067B3 /* ViewController.swift */ = {isa = PBXFileReference; lastKnownFileType = sourcecode.swift; path = ViewController.swift; sourceTree = "<group>"; };
		902EA0291A0143E8008067B3 /* Base */ = {isa = PBXFileReference; lastKnownFileType = file.storyboard; name = Base; path = Base.lproj/Main.storyboard; sourceTree = "<group>"; };
		902EA02B1A0143E8008067B3 /* Images.xcassets */ = {isa = PBXFileReference; lastKnownFileType = folder.assetcatalog; path = Images.xcassets; sourceTree = "<group>"; };
		902EA02E1A0143E8008067B3 /* Base */ = {isa = PBXFileReference; lastKnownFileType = file.xib; name = Base; path = Base.lproj/LaunchScreen.xib; sourceTree = "<group>"; };
		902EA0341A0143E8008067B3 /* Background-FetchTests.xctest */ = {isa = PBXFileReference; explicitFileType = wrapper.cfbundle; includeInIndex = 0; path = "Background-FetchTests.xctest"; sourceTree = BUILT_PRODUCTS_DIR; };
		902EA0391A0143E8008067B3 /* Info.plist */ = {isa = PBXFileReference; lastKnownFileType = text.plist.xml; path = Info.plist; sourceTree = "<group>"; };
		902EA03A1A0143E8008067B3 /* Background_FetchTests.swift */ = {isa = PBXFileReference; lastKnownFileType = sourcecode.swift; path = Background_FetchTests.swift; sourceTree = "<group>"; };
/* End PBXFileReference section */

/* Begin PBXFrameworksBuildPhase section */
		902EA0191A0143E8008067B3 /* Frameworks */ = {
			isa = PBXFrameworksBuildPhase;
			buildActionMask = 2147483647;
			files = (
			);
			runOnlyForDeploymentPostprocessing = 0;
		};
		902EA0311A0143E8008067B3 /* Frameworks */ = {
			isa = PBXFrameworksBuildPhase;
			buildActionMask = 2147483647;
			files = (
			);
			runOnlyForDeploymentPostprocessing = 0;
		};
/* End PBXFrameworksBuildPhase section */

/* Begin PBXGroup section */
		902EA0131A0143E8008067B3 = {
			isa = PBXGroup;
			children = (
				902EA01E1A0143E8008067B3 /* Background-Fetch */,
				902EA0371A0143E8008067B3 /* Background-FetchTests */,
				902EA01D1A0143E8008067B3 /* Products */,
			);
			sourceTree = "<group>";
		};
		902EA01D1A0143E8008067B3 /* Products */ = {
			isa = PBXGroup;
			children = (
				902EA01C1A0143E8008067B3 /* Background-Fetch.app */,
				902EA0341A0143E8008067B3 /* Background-FetchTests.xctest */,
			);
			name = Products;
			sourceTree = "<group>";
		};
		902EA01E1A0143E8008067B3 /* Background-Fetch */ = {
			isa = PBXGroup;
			children = (
				902EA0211A0143E8008067B3 /* AppDelegate.swift */,
				902EA0261A0143E8008067B3 /* ViewController.swift */,
				902EA0281A0143E8008067B3 /* Main.storyboard */,
				902EA02B1A0143E8008067B3 /* Images.xcassets */,
				902EA02D1A0143E8008067B3 /* LaunchScreen.xib */,
				902EA0231A0143E8008067B3 /* Background_Fetch.xcdatamodeld */,
				902EA01F1A0143E8008067B3 /* Supporting Files */,
			);
			path = "Background-Fetch";
			sourceTree = "<group>";
		};
		902EA01F1A0143E8008067B3 /* Supporting Files */ = {
			isa = PBXGroup;
			children = (
				902EA0201A0143E8008067B3 /* Info.plist */,
			);
			name = "Supporting Files";
			sourceTree = "<group>";
		};
		902EA0371A0143E8008067B3 /* Background-FetchTests */ = {
			isa = PBXGroup;
			children = (
				902EA03A1A0143E8008067B3 /* Background_FetchTests.swift */,
				902EA0381A0143E8008067B3 /* Supporting Files */,
			);
			path = "Background-FetchTests";
			sourceTree = "<group>";
		};
		902EA0381A0143E8008067B3 /* Supporting Files */ = {
			isa = PBXGroup;
			children = (
				902EA0391A0143E8008067B3 /* Info.plist */,
			);
			name = "Supporting Files";
			sourceTree = "<group>";
		};
/* End PBXGroup section */

/* Begin PBXNativeTarget section */
		902EA01B1A0143E8008067B3 /* Background-Fetch */ = {
			isa = PBXNativeTarget;
			buildConfigurationList = 902EA03E1A0143E8008067B3 /* Build configuration list for PBXNativeTarget "Background-Fetch" */;
			buildPhases = (
				902EA0181A0143E8008067B3 /* Sources */,
				902EA0191A0143E8008067B3 /* Frameworks */,
				902EA01A1A0143E8008067B3 /* Resources */,
			);
			buildRules = (
			);
			dependencies = (
			);
			name = "Background-Fetch";
			productName = "Background-Fetch";
			productReference = 902EA01C1A0143E8008067B3 /* Background-Fetch.app */;
			productType = "com.apple.product-type.application";
		};
		902EA0331A0143E8008067B3 /* Background-FetchTests */ = {
			isa = PBXNativeTarget;
			buildConfigurationList = 902EA0411A0143E8008067B3 /* Build configuration list for PBXNativeTarget "Background-FetchTests" */;
			buildPhases = (
				902EA0301A0143E8008067B3 /* Sources */,
				902EA0311A0143E8008067B3 /* Frameworks */,
				902EA0321A0143E8008067B3 /* Resources */,
			);
			buildRules = (
			);
			dependencies = (
				902EA0361A0143E8008067B3 /* PBXTargetDependency */,
			);
			name = "Background-FetchTests";
			productName = "Background-FetchTests";
			productReference = 902EA0341A0143E8008067B3 /* Background-FetchTests.xctest */;
			productType = "com.apple.product-type.bundle.unit-test";
		};
/* End PBXNativeTarget section */

/* Begin PBXProject section */
		902EA0141A0143E8008067B3 /* Project object */ = {
			isa = PBXProject;
			attributes = {
				LastUpgradeCheck = 0610;
				ORGANIZATIONNAME = GoliaMania;
				TargetAttributes = {
					902EA01B1A0143E8008067B3 = {
						CreatedOnToolsVersion = 6.1;
						SystemCapabilities = {
							com.apple.BackgroundModes = {
								enabled = 1;
							};
						};
					};
					902EA0331A0143E8008067B3 = {
						CreatedOnToolsVersion = 6.1;
						TestTargetID = 902EA01B1A0143E8008067B3;
					};
				};
			};
			buildConfigurationList = 902EA0171A0143E8008067B3 /* Build configuration list for PBXProject "Background-Fetch" */;
			compatibilityVersion = "Xcode 3.2";
			developmentRegion = English;
			hasScannedForEncodings = 0;
			knownRegions = (
				en,
				Base,
			);
			mainGroup = 902EA0131A0143E8008067B3;
			productRefGroup = 902EA01D1A0143E8008067B3 /* Products */;
			projectDirPath = "";
			projectRoot = "";
			targets = (
				902EA01B1A0143E8008067B3 /* Background-Fetch */,
				902EA0331A0143E8008067B3 /* Background-FetchTests */,
			);
		};
/* End PBXProject section */

/* Begin PBXResourcesBuildPhase section */
		902EA01A1A0143E8008067B3 /* Resources */ = {
			isa = PBXResourcesBuildPhase;
			buildActionMask = 2147483647;
			files = (
				902EA02A1A0143E8008067B3 /* Main.storyboard in Resources */,
				902EA02F1A0143E8008067B3 /* LaunchScreen.xib in Resources */,
				902EA02C1A0143E8008067B3 /* Images.xcassets in Resources */,
			);
			runOnlyForDeploymentPostprocessing = 0;
		};
		902EA0321A0143E8008067B3 /* Resources */ = {
			isa = PBXResourcesBuildPhase;
			buildActionMask = 2147483647;
			files = (
			);
			runOnlyForDeploymentPostprocessing = 0;
		};
/* End PBXResourcesBuildPhase section */

/* Begin PBXSourcesBuildPhase section */
		902EA0181A0143E8008067B3 /* Sources */ = {
			isa = PBXSourcesBuildPhase;
			buildActionMask = 2147483647;
			files = (
				902EA0271A0143E8008067B3 /* ViewController.swift in Sources */,
				902EA0251A0143E8008067B3 /* Background_Fetch.xcdatamodeld in Sources */,
				902EA0221A0143E8008067B3 /* AppDelegate.swift in Sources */,
			);
			runOnlyForDeploymentPostprocessing = 0;
		};
		902EA0301A0143E8008067B3 /* Sources */ = {
			isa = PBXSourcesBuildPhase;
			buildActionMask = 2147483647;
			files = (
				902EA03B1A0143E8008067B3 /* Background_FetchTests.swift in Sources */,
			);
			runOnlyForDeploymentPostprocessing = 0;
		};
/* End PBXSourcesBuildPhase section */

/* Begin PBXTargetDependency section */
		902EA0361A0143E8008067B3 /* PBXTargetDependency */ = {
			isa = PBXTargetDependency;
			target = 902EA01B1A0143E8008067B3 /* Background-Fetch */;
			targetProxy = 902EA0351A0143E8008067B3 /* PBXContainerItemProxy */;
		};
/* End PBXTargetDependency section */

/* Begin PBXVariantGroup section */
		902EA0281A0143E8008067B3 /* Main.storyboard */ = {
			isa = PBXVariantGroup;
			children = (
				902EA0291A0143E8008067B3 /* Base */,
			);
			name = Main.storyboard;
			sourceTree = "<group>";
		};
		902EA02D1A0143E8008067B3 /* LaunchScreen.xib */ = {
			isa = PBXVariantGroup;
			children = (
				902EA02E1A0143E8008067B3 /* Base */,
			);
			name = LaunchScreen.xib;
			sourceTree = "<group>";
		};
/* End PBXVariantGroup section */

/* Begin XCBuildConfiguration section */
		902EA03C1A0143E8008067B3 /* Debug */ = {
			isa = XCBuildConfiguration;
			buildSettings = {
				ALWAYS_SEARCH_USER_PATHS = NO;
				CLANG_CXX_LANGUAGE_STANDARD = "gnu++0x";
				CLANG_CXX_LIBRARY = "libc++";
				CLANG_ENABLE_MODULES = YES;
				CLANG_ENABLE_OBJC_ARC = YES;
				CLANG_WARN_BOOL_CONVERSION = YES;
				CLANG_WARN_CONSTANT_CONVERSION = YES;
				CLANG_WARN_DIRECT_OBJC_ISA_USAGE = YES_ERROR;
				CLANG_WARN_EMPTY_BODY = YES;
				CLANG_WARN_ENUM_CONVERSION = YES;
				CLANG_WARN_INT_CONVERSION = YES;
				CLANG_WARN_OBJC_ROOT_CLASS = YES_ERROR;
				CLANG_WARN_UNREACHABLE_CODE = YES;
				CLANG_WARN__DUPLICATE_METHOD_MATCH = YES;
				"CODE_SIGN_IDENTITY[sdk=iphoneos*]" = "iPhone Developer";
				COPY_PHASE_STRIP = NO;
				ENABLE_STRICT_OBJC_MSGSEND = YES;
				GCC_C_LANGUAGE_STANDARD = gnu99;
				GCC_DYNAMIC_NO_PIC = NO;
				GCC_OPTIMIZATION_LEVEL = 0;
				GCC_PREPROCESSOR_DEFINITIONS = (
					"DEBUG=1",
					"$(inherited)",
				);
				GCC_SYMBOLS_PRIVATE_EXTERN = NO;
				GCC_WARN_64_TO_32_BIT_CONVERSION = YES;
				GCC_WARN_ABOUT_RETURN_TYPE = YES_ERROR;
				GCC_WARN_UNDECLARED_SELECTOR = YES;
				GCC_WARN_UNINITIALIZED_AUTOS = YES_AGGRESSIVE;
				GCC_WARN_UNUSED_FUNCTION = YES;
				GCC_WARN_UNUSED_VARIABLE = YES;
				IPHONEOS_DEPLOYMENT_TARGET = 8.1;
				MTL_ENABLE_DEBUG_INFO = YES;
				ONLY_ACTIVE_ARCH = YES;
				SDKROOT = iphoneos;
				SWIFT_OPTIMIZATION_LEVEL = "-Onone";
				TARGETED_DEVICE_FAMILY = "1,2";
			};
			name = Debug;
		};
		902EA03D1A0143E8008067B3 /* Release */ = {
			isa = XCBuildConfiguration;
			buildSettings = {
				ALWAYS_SEARCH_USER_PATHS = NO;
				CLANG_CXX_LANGUAGE_STANDARD = "gnu++0x";
				CLANG_CXX_LIBRARY = "libc++";
				CLANG_ENABLE_MODULES = YES;
				CLANG_ENABLE_OBJC_ARC = YES;
				CLANG_WARN_BOOL_CONVERSION = YES;
				CLANG_WARN_CONSTANT_CONVERSION = YES;
				CLANG_WARN_DIRECT_OBJC_ISA_USAGE = YES_ERROR;
				CLANG_WARN_EMPTY_BODY = YES;
				CLANG_WARN_ENUM_CONVERSION = YES;
				CLANG_WARN_INT_CONVERSION = YES;
				CLANG_WARN_OBJC_ROOT_CLASS = YES_ERROR;
				CLANG_WARN_UNREACHABLE_CODE = YES;
				CLANG_WARN__DUPLICATE_METHOD_MATCH = YES;
				"CODE_SIGN_IDENTITY[sdk=iphoneos*]" = "iPhone Developer";
				COPY_PHASE_STRIP = YES;
				ENABLE_NS_ASSERTIONS = NO;
				ENABLE_STRICT_OBJC_MSGSEND = YES;
				GCC_C_LANGUAGE_STANDARD = gnu99;
				GCC_WARN_64_TO_32_BIT_CONVERSION = YES;
				GCC_WARN_ABOUT_RETURN_TYPE = YES_ERROR;
				GCC_WARN_UNDECLARED_SELECTOR = YES;
				GCC_WARN_UNINITIALIZED_AUTOS = YES_AGGRESSIVE;
				GCC_WARN_UNUSED_FUNCTION = YES;
				GCC_WARN_UNUSED_VARIABLE = YES;
				IPHONEOS_DEPLOYMENT_TARGET = 8.1;
				MTL_ENABLE_DEBUG_INFO = NO;
				SDKROOT = iphoneos;
				TARGETED_DEVICE_FAMILY = "1,2";
				VALIDATE_PRODUCT = YES;
			};
			name = Release;
		};
		902EA03F1A0143E8008067B3 /* Debug */ = {
			isa = XCBuildConfiguration;
			buildSettings = {
				ASSETCATALOG_COMPILER_APPICON_NAME = AppIcon;
				INFOPLIST_FILE = "Background-Fetch/Info.plist";
				IPHONEOS_DEPLOYMENT_TARGET = 8.0;
				LD_RUNPATH_SEARCH_PATHS = "$(inherited) @executable_path/Frameworks";
				PRODUCT_NAME = "$(TARGET_NAME)";
			};
			name = Debug;
		};
		902EA0401A0143E8008067B3 /* Release */ = {
			isa = XCBuildConfiguration;
			buildSettings = {
				ASSETCATALOG_COMPILER_APPICON_NAME = AppIcon;
				INFOPLIST_FILE = "Background-Fetch/Info.plist";
				IPHONEOS_DEPLOYMENT_TARGET = 8.0;
				LD_RUNPATH_SEARCH_PATHS = "$(inherited) @executable_path/Frameworks";
				PRODUCT_NAME = "$(TARGET_NAME)";
			};
			name = Release;
		};
		902EA0421A0143E8008067B3 /* Debug */ = {
			isa = XCBuildConfiguration;
			buildSettings = {
				BUNDLE_LOADER = "$(TEST_HOST)";
				FRAMEWORK_SEARCH_PATHS = (
					"$(SDKROOT)/Developer/Library/Frameworks",
					"$(inherited)",
				);
				GCC_PREPROCESSOR_DEFINITIONS = (
					"DEBUG=1",
					"$(inherited)",
				);
				INFOPLIST_FILE = "Background-FetchTests/Info.plist";
				LD_RUNPATH_SEARCH_PATHS = "$(inherited) @executable_path/Frameworks @loader_path/Frameworks";
				PRODUCT_NAME = "$(TARGET_NAME)";
				TEST_HOST = "$(BUILT_PRODUCTS_DIR)/Background-Fetch.app/Background-Fetch";
			};
			name = Debug;
		};
		902EA0431A0143E8008067B3 /* Release */ = {
			isa = XCBuildConfiguration;
			buildSettings = {
				BUNDLE_LOADER = "$(TEST_HOST)";
				FRAMEWORK_SEARCH_PATHS = (
					"$(SDKROOT)/Developer/Library/Frameworks",
					"$(inherited)",
				);
				INFOPLIST_FILE = "Background-FetchTests/Info.plist";
				LD_RUNPATH_SEARCH_PATHS = "$(inherited) @executable_path/Frameworks @loader_path/Frameworks";
				PRODUCT_NAME = "$(TARGET_NAME)";
				TEST_HOST = "$(BUILT_PRODUCTS_DIR)/Background-Fetch.app/Background-Fetch";
			};
			name = Release;
		};
/* End XCBuildConfiguration section */

/* Begin XCConfigurationList section */
		902EA0171A0143E8008067B3 /* Build configuration list for PBXProject "Background-Fetch" */ = {
			isa = XCConfigurationList;
			buildConfigurations = (
				902EA03C1A0143E8008067B3 /* Debug */,
				902EA03D1A0143E8008067B3 /* Release */,
			);
			defaultConfigurationIsVisible = 0;
			defaultConfigurationName = Release;
		};
		902EA03E1A0143E8008067B3 /* Build configuration list for PBXNativeTarget "Background-Fetch" */ = {
			isa = XCConfigurationList;
			buildConfigurations = (
				902EA03F1A0143E8008067B3 /* Debug */,
				902EA0401A0143E8008067B3 /* Release */,
			);
			defaultConfigurationIsVisible = 0;
			defaultConfigurationName = Release;
		};
		902EA0411A0143E8008067B3 /* Build configuration list for PBXNativeTarget "Background-FetchTests" */ = {
			isa = XCConfigurationList;
			buildConfigurations = (
				902EA0421A0143E8008067B3 /* Debug */,
				902EA0431A0143E8008067B3 /* Release */,
			);
			defaultConfigurationIsVisible = 0;
			defaultConfigurationName = Release;
		};
/* End XCConfigurationList section */

/* Begin XCVersionGroup section */
		902EA0231A0143E8008067B3 /* Background_Fetch.xcdatamodeld */ = {
			isa = XCVersionGroup;
			children = (
				902EA0241A0143E8008067B3 /* Background_Fetch.xcdatamodel */,
			);
			currentVersion = 902EA0241A0143E8008067B3 /* Background_Fetch.xcdatamodel */;
			path = Background_Fetch.xcdatamodeld;
			sourceTree = "<group>";
			versionGroupType = wrapper.xcdatamodel;
		};
/* End XCVersionGroup section */
	};
	rootObject = 902EA0141A0143E8008067B3 /* Project object */;
}
